{
    "_meta": {
        "hash": {
            "sha256": "a51912d90cfa6d0c9b9522bb71f10f3b2274f6f44033b81c236b4b706ffe8c7d"
        },
        "pipfile-spec": 6,
        "requires": {
            "python_version": "3.9"
        },
        "sources": [
            {
                "name": "pypi",
                "url": "https://pypi.org/simple",
                "verify_ssl": true
            }
        ]
    },
    "default": {
        "beautifulsoup4": {
            "hashes": [
                "sha256:4c98143716ef1cb40bf7f39a8e3eec8f8b009509e74904ba3a7b315431577e35",
                "sha256:84729e322ad1d5b4d25f805bfa05b902dd96450f43842c4e99067d5e1369eb25",
                "sha256:fff47e031e34ec82bf17e00da8f592fe7de69aeea38be00523c04623c04fb666"
            ],
            "index": "pypi",
            "version": "==4.9.3"
        },
        "certifi": {
            "hashes": [
                "sha256:539cc1d13202e33ca466e88b2807e29f4c13049d6d87031a3c110744495cb082",
                "sha256:92d6037539857d8206b8f6ae472e8b77db8058fec5937a1ef3f54304089edbb9"
            ],
            "markers": "python_version >= '3.6'",
            "version": "==2023.7.22"
        },
        "charset-normalizer": {
            "hashes": [
                "sha256:02673e456dc5ab13659f85196c534dc596d4ef260e4d86e856c3b2773ce09843",
                "sha256:02af06682e3590ab952599fbadac535ede5d60d78848e555aa58d0c0abbde786",
                "sha256:03680bb39035fbcffe828eae9c3f8afc0428c91d38e7d61aa992ef7a59fb120e",
                "sha256:0570d21da019941634a531444364f2482e8db0b3425fcd5ac0c36565a64142c8",
                "sha256:09c77f964f351a7369cc343911e0df63e762e42bac24cd7d18525961c81754f4",
                "sha256:0d3d5b7db9ed8a2b11a774db2bbea7ba1884430a205dbd54a32d61d7c2a190fa",
                "sha256:1063da2c85b95f2d1a430f1c33b55c9c17ffaf5e612e10aeaad641c55a9e2b9d",
                "sha256:12ebea541c44fdc88ccb794a13fe861cc5e35d64ed689513a5c03d05b53b7c82",
                "sha256:153e7b6e724761741e0974fc4dcd406d35ba70b92bfe3fedcb497226c93b9da7",
                "sha256:15b26ddf78d57f1d143bdf32e820fd8935d36abe8a25eb9ec0b5a71c82eb3895",
                "sha256:1872d01ac8c618a8da634e232f24793883d6e456a66593135aeafe3784b0848d",
                "sha256:187d18082694a29005ba2944c882344b6748d5be69e3a89bf3cc9d878e548d5a",
                "sha256:1b2919306936ac6efb3aed1fbf81039f7087ddadb3160882a57ee2ff74fd2382",
                "sha256:232ac332403e37e4a03d209a3f92ed9071f7d3dbda70e2a5e9cff1c4ba9f0678",
                "sha256:23e8565ab7ff33218530bc817922fae827420f143479b753104ab801145b1d5b",
                "sha256:24817cb02cbef7cd499f7c9a2735286b4782bd47a5b3516a0e84c50eab44b98e",
                "sha256:249c6470a2b60935bafd1d1d13cd613f8cd8388d53461c67397ee6a0f5dce741",
                "sha256:24a91a981f185721542a0b7c92e9054b7ab4fea0508a795846bc5b0abf8118d4",
                "sha256:2502dd2a736c879c0f0d3e2161e74d9907231e25d35794584b1ca5284e43f596",
                "sha256:250c9eb0f4600361dd80d46112213dff2286231d92d3e52af1e5a6083d10cad9",
                "sha256:278c296c6f96fa686d74eb449ea1697f3c03dc28b75f873b65b5201806346a69",
                "sha256:2935ffc78db9645cb2086c2f8f4cfd23d9b73cc0dc80334bc30aac6f03f68f8c",
                "sha256:2f4a0033ce9a76e391542c182f0d48d084855b5fcba5010f707c8e8c34663d77",
                "sha256:30a85aed0b864ac88309b7d94be09f6046c834ef60762a8833b660139cfbad13",
                "sha256:380c4bde80bce25c6e4f77b19386f5ec9db230df9f2f2ac1e5ad7af2caa70459",
                "sha256:3ae38d325b512f63f8da31f826e6cb6c367336f95e418137286ba362925c877e",
                "sha256:3b447982ad46348c02cb90d230b75ac34e9886273df3a93eec0539308a6296d7",
                "sha256:3debd1150027933210c2fc321527c2299118aa929c2f5a0a80ab6953e3bd1908",
                "sha256:4162918ef3098851fcd8a628bf9b6a98d10c380725df9e04caf5ca6dd48c847a",
                "sha256:468d2a840567b13a590e67dd276c570f8de00ed767ecc611994c301d0f8c014f",
                "sha256:4cc152c5dd831641e995764f9f0b6589519f6f5123258ccaca8c6d34572fefa8",
                "sha256:542da1178c1c6af8873e143910e2269add130a299c9106eef2594e15dae5e482",
                "sha256:557b21a44ceac6c6b9773bc65aa1b4cc3e248a5ad2f5b914b91579a32e22204d",
                "sha256:5707a746c6083a3a74b46b3a631d78d129edab06195a92a8ece755aac25a3f3d",
                "sha256:588245972aca710b5b68802c8cad9edaa98589b1b42ad2b53accd6910dad3545",
                "sha256:5adf257bd58c1b8632046bbe43ee38c04e1038e9d37de9c57a94d6bd6ce5da34",
                "sha256:619d1c96099be5823db34fe89e2582b336b5b074a7f47f819d6b3a57ff7bdb86",
                "sha256:63563193aec44bce707e0c5ca64ff69fa72ed7cf34ce6e11d5127555756fd2f6",
                "sha256:67b8cc9574bb518ec76dc8e705d4c39ae78bb96237cb533edac149352c1f39fe",
                "sha256:6a685067d05e46641d5d1623d7c7fdf15a357546cbb2f71b0ebde91b175ffc3e",
                "sha256:70f1d09c0d7748b73290b29219e854b3207aea922f839437870d8cc2168e31cc",
                "sha256:750b446b2ffce1739e8578576092179160f6d26bd5e23eb1789c4d64d5af7dc7",
                "sha256:7966951325782121e67c81299a031f4c115615e68046f79b85856b86ebffc4cd",
                "sha256:7b8b8bf1189b3ba9b8de5c8db4d541b406611a71a955bbbd7385bbc45fcb786c",
                "sha256:7f5d10bae5d78e4551b7be7a9b29643a95aded9d0f602aa2ba584f0388e7a557",
                "sha256:805dfea4ca10411a5296bcc75638017215a93ffb584c9e344731eef0dcfb026a",
                "sha256:81bf654678e575403736b85ba3a7867e31c2c30a69bc57fe88e3ace52fb17b89",
                "sha256:82eb849f085624f6a607538ee7b83a6d8126df6d2f7d3b319cb837b289123078",
                "sha256:85a32721ddde63c9df9ebb0d2045b9691d9750cb139c161c80e500d210f5e26e",
                "sha256:86d1f65ac145e2c9ed71d8ffb1905e9bba3a91ae29ba55b4c46ae6fc31d7c0d4",
                "sha256:86f63face3a527284f7bb8a9d4f78988e3c06823f7bea2bd6f0e0e9298ca0403",
                "sha256:8eaf82f0eccd1505cf39a45a6bd0a8cf1c70dcfc30dba338207a969d91b965c0",
                "sha256:93aa7eef6ee71c629b51ef873991d6911b906d7312c6e8e99790c0f33c576f89",
                "sha256:96c2b49eb6a72c0e4991d62406e365d87067ca14c1a729a870d22354e6f68115",
                "sha256:9cf3126b85822c4e53aa28c7ec9869b924d6fcfb76e77a45c44b83d91afd74f9",
                "sha256:9fe359b2e3a7729010060fbca442ca225280c16e923b37db0e955ac2a2b72a05",
                "sha256:a0ac5e7015a5920cfce654c06618ec40c33e12801711da6b4258af59a8eff00a",
                "sha256:a3f93dab657839dfa61025056606600a11d0b696d79386f974e459a3fbc568ec",
                "sha256:a4b71f4d1765639372a3b32d2638197f5cd5221b19531f9245fcc9ee62d38f56",
                "sha256:aae32c93e0f64469f74ccc730a7cb21c7610af3a775157e50bbd38f816536b38",
                "sha256:aaf7b34c5bc56b38c931a54f7952f1ff0ae77a2e82496583b247f7c969eb1479",
                "sha256:abecce40dfebbfa6abf8e324e1860092eeca6f7375c8c4e655a8afb61af58f2c",
                "sha256:abf0d9f45ea5fb95051c8bfe43cb40cda383772f7e5023a83cc481ca2604d74e",
                "sha256:ac71b2977fb90c35d41c9453116e283fac47bb9096ad917b8819ca8b943abecd",
                "sha256:ada214c6fa40f8d800e575de6b91a40d0548139e5dc457d2ebb61470abf50186",
                "sha256:b09719a17a2301178fac4470d54b1680b18a5048b481cb8890e1ef820cb80455",
                "sha256:b1121de0e9d6e6ca08289583d7491e7fcb18a439305b34a30b20d8215922d43c",
                "sha256:b3b2316b25644b23b54a6f6401074cebcecd1244c0b8e80111c9a3f1c8e83d65",
                "sha256:b3d9b48ee6e3967b7901c052b670c7dda6deb812c309439adaffdec55c6d7b78",
                "sha256:b5bcf60a228acae568e9911f410f9d9e0d43197d030ae5799e20dca8df588287",
                "sha256:b8f3307af845803fb0b060ab76cf6dd3a13adc15b6b451f54281d25911eb92df",
                "sha256:c2af80fb58f0f24b3f3adcb9148e6203fa67dd3f61c4af146ecad033024dde43",
                "sha256:c350354efb159b8767a6244c166f66e67506e06c8924ed74669b2c70bc8735b1",
                "sha256:c5a74c359b2d47d26cdbbc7845e9662d6b08a1e915eb015d044729e92e7050b7",
                "sha256:c71f16da1ed8949774ef79f4a0260d28b83b3a50c6576f8f4f0288d109777989",
                "sha256:d47ecf253780c90ee181d4d871cd655a789da937454045b17b5798da9393901a",
                "sha256:d7eff0f27edc5afa9e405f7165f85a6d782d308f3b6b9d96016c010597958e63",
                "sha256:d97d85fa63f315a8bdaba2af9a6a686e0eceab77b3089af45133252618e70884",
                "sha256:db756e48f9c5c607b5e33dd36b1d5872d0422e960145b08ab0ec7fd420e9d649",
                "sha256:dc45229747b67ffc441b3de2f3ae5e62877a282ea828a5bdb67883c4ee4a8810",
                "sha256:e0fc42822278451bc13a2e8626cf2218ba570f27856b536e00cfa53099724828",
                "sha256:e39c7eb31e3f5b1f88caff88bcff1b7f8334975b46f6ac6e9fc725d829bc35d4",
                "sha256:e46cd37076971c1040fc8c41273a8b3e2c624ce4f2be3f5dfcb7a430c1d3acc2",
                "sha256:e5c1502d4ace69a179305abb3f0bb6141cbe4714bc9b31d427329a95acfc8bdd",
                "sha256:edfe077ab09442d4ef3c52cb1f9dab89bff02f4524afc0acf2d46be17dc479f5",
                "sha256:effe5406c9bd748a871dbcaf3ac69167c38d72db8c9baf3ff954c344f31c4cbe",
                "sha256:f0d1e3732768fecb052d90d62b220af62ead5748ac51ef61e7b32c266cac9293",
                "sha256:f5969baeaea61c97efa706b9b107dcba02784b1601c74ac84f2a532ea079403e",
                "sha256:f8888e31e3a85943743f8fc15e71536bda1c81d5aa36d014a3c0c44481d7db6e",
                "sha256:fc52b79d83a3fe3a360902d3f5d79073a993597d48114c29485e9431092905d8"
            ],
            "markers": "python_full_version >= '3.7.0'",
            "version": "==3.3.0"
        },
        "cycler": {
            "hashes": [
                "sha256:85cef7cff222d8644161529808465972e51340599459b8ac3ccbac5a854e0d30",
                "sha256:88bb128f02ba341da8ef447245a9e138fae777f6a23943da4540077d3601eb1c"
            ],
            "markers": "python_version >= '3.8'",
            "version": "==0.12.1"
        },
        "html5lib": {
            "hashes": [
                "sha256:0d78f8fde1c230e99fe37986a60526d7049ed4bf8a9fadbad5f00e22e58e041d",
                "sha256:b2e5b40261e20f354d198eae92afc10d750afb487ed5e50f9c4eaf07c184146f"
            ],
            "index": "pypi",
            "markers": "python_version >= '2.7' and python_version not in '3.0, 3.1, 3.2, 3.3, 3.4'",
            "version": "==1.1"
        },
        "idna": {
            "hashes": [
                "sha256:028ff3aadf0609c1fd278d8ea3089299412a7a8b9bd005dd08b9f8285bcb5cfc",
                "sha256:82fee1fc78add43492d3a1898bfa6d8a904cc97d8427f683ed8e798d07761aa0"
            ],
            "index": "pypi",
            "markers": "python_version >= '3.5'",
            "version": "==3.7"
        },
        "kiwisolver": {
            "hashes": [
                "sha256:00bd361b903dc4bbf4eb165f24d1acbee754fce22ded24c3d56eec268658a5cf",
                "sha256:040c1aebeda72197ef477a906782b5ab0d387642e93bda547336b8957c61022e",
                "sha256:05703cf211d585109fcd72207a31bb170a0f22144d68298dc5e61b3c946518af",
                "sha256:06f54715b7737c2fecdbf140d1afb11a33d59508a47bf11bb38ecf21dc9ab79f",
                "sha256:0dc9db8e79f0036e8173c466d21ef18e1befc02de8bf8aa8dc0813a6dc8a7046",
                "sha256:0f114aa76dc1b8f636d077979c0ac22e7cd8f3493abbab152f20eb8d3cda71f3",
                "sha256:11863aa14a51fd6ec28688d76f1735f8f69ab1fabf388851a595d0721af042f5",
                "sha256:11c7de8f692fc99816e8ac50d1d1aef4f75126eefc33ac79aac02c099fd3db71",
                "sha256:11d011a7574eb3b82bcc9c1a1d35c1d7075677fdd15de527d91b46bd35e935ee",
                "sha256:146d14bebb7f1dc4d5fbf74f8a6cb15ac42baadee8912eb84ac0b3b2a3dc6ac3",
                "sha256:15568384086b6df3c65353820a4473575dbad192e35010f622c6ce3eebd57af9",
                "sha256:19df6e621f6d8b4b9c4d45f40a66839294ff2bb235e64d2178f7522d9170ac5b",
                "sha256:1b04139c4236a0f3aff534479b58f6f849a8b351e1314826c2d230849ed48985",
                "sha256:210ef2c3a1f03272649aff1ef992df2e724748918c4bc2d5a90352849eb40bea",
                "sha256:2270953c0d8cdab5d422bee7d2007f043473f9d2999631c86a223c9db56cbd16",
                "sha256:2400873bccc260b6ae184b2b8a4fec0e4082d30648eadb7c3d9a13405d861e89",
                "sha256:2a40773c71d7ccdd3798f6489aaac9eee213d566850a9533f8d26332d626b82c",
                "sha256:2c5674c4e74d939b9d91dda0fae10597ac7521768fec9e399c70a1f27e2ea2d9",
                "sha256:3195782b26fc03aa9c6913d5bad5aeb864bdc372924c093b0f1cebad603dd712",
                "sha256:31a82d498054cac9f6d0b53d02bb85811185bcb477d4b60144f915f3b3126342",
                "sha256:32d5cf40c4f7c7b3ca500f8985eb3fb3a7dfc023215e876f207956b5ea26632a",
                "sha256:346f5343b9e3f00b8db8ba359350eb124b98c99efd0b408728ac6ebf38173958",
                "sha256:378a214a1e3bbf5ac4a8708304318b4f890da88c9e6a07699c4ae7174c09a68d",
                "sha256:39b42c68602539407884cf70d6a480a469b93b81b7701378ba5e2328660c847a",
                "sha256:3a2b053a0ab7a3960c98725cfb0bf5b48ba82f64ec95fe06f1d06c99b552e130",
                "sha256:3aba7311af82e335dd1e36ffff68aaca609ca6290c2cb6d821a39aa075d8e3ff",
                "sha256:3cd32d6c13807e5c66a7cbb79f90b553642f296ae4518a60d8d76243b0ad2898",
                "sha256:3edd2fa14e68c9be82c5b16689e8d63d89fe927e56debd6e1dbce7a26a17f81b",
                "sha256:4c380469bd3f970ef677bf2bcba2b6b0b4d5c75e7a020fb863ef75084efad66f",
                "sha256:4e66e81a5779b65ac21764c295087de82235597a2293d18d943f8e9e32746265",
                "sha256:53abb58632235cd154176ced1ae8f0d29a6657aa1aa9decf50b899b755bc2b93",
                "sha256:5794cf59533bc3f1b1c821f7206a3617999db9fbefc345360aafe2e067514929",
                "sha256:59415f46a37f7f2efeec758353dd2eae1b07640d8ca0f0c42548ec4125492635",
                "sha256:59ec7b7c7e1a61061850d53aaf8e93db63dce0c936db1fda2658b70e4a1be709",
                "sha256:59edc41b24031bc25108e210c0def6f6c2191210492a972d585a06ff246bb79b",
                "sha256:5a580c91d686376f0f7c295357595c5a026e6cbc3d77b7c36e290201e7c11ecb",
                "sha256:5b94529f9b2591b7af5f3e0e730a4e0a41ea174af35a4fd067775f9bdfeee01a",
                "sha256:5c7b3b3a728dc6faf3fc372ef24f21d1e3cee2ac3e9596691d746e5a536de920",
                "sha256:5c90ae8c8d32e472be041e76f9d2f2dbff4d0b0be8bd4041770eddb18cf49a4e",
                "sha256:5e7139af55d1688f8b960ee9ad5adafc4ac17c1c473fe07133ac092310d76544",
                "sha256:5ff5cf3571589b6d13bfbfd6bcd7a3f659e42f96b5fd1c4830c4cf21d4f5ef45",
                "sha256:620ced262a86244e2be10a676b646f29c34537d0d9cc8eb26c08f53d98013390",
                "sha256:6512cb89e334e4700febbffaaa52761b65b4f5a3cf33f960213d5656cea36a77",
                "sha256:6c08e1312a9cf1074d17b17728d3dfce2a5125b2d791527f33ffbe805200a355",
                "sha256:6c3bd3cde54cafb87d74d8db50b909705c62b17c2099b8f2e25b461882e544ff",
                "sha256:6ef7afcd2d281494c0a9101d5c571970708ad911d028137cd558f02b851c08b4",
                "sha256:7269d9e5f1084a653d575c7ec012ff57f0c042258bf5db0954bf551c158466e7",
                "sha256:72d40b33e834371fd330fb1472ca19d9b8327acb79a5821d4008391db8e29f20",
                "sha256:74d1b44c6cfc897df648cc9fdaa09bc3e7679926e6f96df05775d4fb3946571c",
                "sha256:74db36e14a7d1ce0986fa104f7d5637aea5c82ca6326ed0ec5694280942d1162",
                "sha256:763773d53f07244148ccac5b084da5adb90bfaee39c197554f01b286cf869228",
                "sha256:76c6a5964640638cdeaa0c359382e5703e9293030fe730018ca06bc2010c4437",
                "sha256:76d9289ed3f7501012e05abb8358bbb129149dbd173f1f57a1bf1c22d19ab7cc",
                "sha256:7931d8f1f67c4be9ba1dd9c451fb0eeca1a25b89e4d3f89e828fe12a519b782a",
                "sha256:7b8b454bac16428b22560d0a1cf0a09875339cab69df61d7805bf48919415901",
                "sha256:7e5bab140c309cb3a6ce373a9e71eb7e4873c70c2dda01df6820474f9889d6d4",
                "sha256:83d78376d0d4fd884e2c114d0621624b73d2aba4e2788182d286309ebdeed770",
                "sha256:852542f9481f4a62dbb5dd99e8ab7aedfeb8fb6342349a181d4036877410f525",
                "sha256:85267bd1aa8880a9c88a8cb71e18d3d64d2751a790e6ca6c27b8ccc724bcd5ad",
                "sha256:88a2df29d4724b9237fc0c6eaf2a1adae0cdc0b3e9f4d8e7dc54b16812d2d81a",
                "sha256:88b9f257ca61b838b6f8094a62418421f87ac2a1069f7e896c36a7d86b5d4c29",
                "sha256:8ab3919a9997ab7ef2fbbed0cc99bb28d3c13e6d4b1ad36e97e482558a91be90",
                "sha256:92dea1ffe3714fa8eb6a314d2b3c773208d865a0e0d35e713ec54eea08a66250",
                "sha256:9407b6a5f0d675e8a827ad8742e1d6b49d9c1a1da5d952a67d50ef5f4170b18d",
                "sha256:9408acf3270c4b6baad483865191e3e582b638b1654a007c62e3efe96f09a9a3",
                "sha256:955e8513d07a283056b1396e9a57ceddbd272d9252c14f154d450d227606eb54",
                "sha256:9db8ea4c388fdb0f780fe91346fd438657ea602d58348753d9fb265ce1bca67f",
                "sha256:9eaa8b117dc8337728e834b9c6e2611f10c79e38f65157c4c38e9400286f5cb1",
                "sha256:a51a263952b1429e429ff236d2f5a21c5125437861baeed77f5e1cc2d2c7c6da",
                "sha256:a6aa6315319a052b4ee378aa171959c898a6183f15c1e541821c5c59beaa0238",
                "sha256:aa12042de0171fad672b6c59df69106d20d5596e4f87b5e8f76df757a7c399aa",
                "sha256:aaf7be1207676ac608a50cd08f102f6742dbfc70e8d60c4db1c6897f62f71523",
                "sha256:b0157420efcb803e71d1b28e2c287518b8808b7cf1ab8af36718fd0a2c453eb0",
                "sha256:b3f7e75f3015df442238cca659f8baa5f42ce2a8582727981cbfa15fee0ee205",
                "sha256:b9098e0049e88c6a24ff64545cdfc50807818ba6c1b739cae221bbbcbc58aad3",
                "sha256:ba55dce0a9b8ff59495ddd050a0225d58bd0983d09f87cfe2b6aec4f2c1234e4",
                "sha256:bb86433b1cfe686da83ce32a9d3a8dd308e85c76b60896d58f082136f10bffac",
                "sha256:bbea0db94288e29afcc4c28afbf3a7ccaf2d7e027489c449cf7e8f83c6346eb9",
                "sha256:bbf1d63eef84b2e8c89011b7f2235b1e0bf7dacc11cac9431fc6468e99ac77fb",
                "sha256:c7940c1dc63eb37a67721b10d703247552416f719c4188c54e04334321351ced",
                "sha256:c9bf3325c47b11b2e51bca0824ea217c7cd84491d8ac4eefd1e409705ef092bd",
                "sha256:cdc8a402aaee9a798b50d8b827d7ecf75edc5fb35ea0f91f213ff927c15f4ff0",
                "sha256:ceec1a6bc6cab1d6ff5d06592a91a692f90ec7505d6463a88a52cc0eb58545da",
                "sha256:cfe6ab8da05c01ba6fbea630377b5da2cd9bcbc6338510116b01c1bc939a2c18",
                "sha256:d099e745a512f7e3bbe7249ca835f4d357c586d78d79ae8f1dcd4d8adeb9bda9",
                "sha256:d0ef46024e6a3d79c01ff13801cb19d0cad7fd859b15037aec74315540acc276",
                "sha256:d2e5a98f0ec99beb3c10e13b387f8db39106d53993f498b295f0c914328b1333",
                "sha256:da4cfb373035def307905d05041c1d06d8936452fe89d464743ae7fb8371078b",
                "sha256:da802a19d6e15dffe4b0c24b38b3af68e6c1a68e6e1d8f30148c83864f3881db",
                "sha256:dced8146011d2bc2e883f9bd68618b8247387f4bbec46d7392b3c3b032640126",
                "sha256:dfdd7c0b105af050eb3d64997809dc21da247cf44e63dc73ff0fd20b96be55a9",
                "sha256:e368f200bbc2e4f905b8e71eb38b3c04333bddaa6a2464a6355487b02bb7fb09",
                "sha256:e391b1f0a8a5a10ab3b9bb6afcfd74f2175f24f8975fb87ecae700d1503cdee0",
                "sha256:e57e563a57fb22a142da34f38acc2fc1a5c864bc29ca1517a88abc963e60d6ec",
                "sha256:e5d706eba36b4c4d5bc6c6377bb6568098765e990cfc21ee16d13963fab7b3e7",
                "sha256:ec20916e7b4cbfb1f12380e46486ec4bcbaa91a9c448b97023fde0d5bbf9e4ff",
                "sha256:f1d072c2eb0ad60d4c183f3fb44ac6f73fb7a8f16a2694a91f988275cbf352f9",
                "sha256:f846c260f483d1fd217fe5ed7c173fb109efa6b1fc8381c8b7552c5781756192",
                "sha256:f91de7223d4c7b793867797bacd1ee53bfe7359bd70d27b7b58a04efbb9436c8",
                "sha256:faae4860798c31530dd184046a900e652c95513796ef51a12bc086710c2eec4d",
                "sha256:fc579bf0f502e54926519451b920e875f433aceb4624a3646b3252b5caa9e0b6",
                "sha256:fcc700eadbbccbf6bc1bcb9dbe0786b4b1cb91ca0dcda336eef5c2beed37b797",
                "sha256:fd32ea360bcbb92d28933fc05ed09bffcb1704ba3fc7942e81db0fd4f81a7892",
                "sha256:fdb7adb641a0d13bdcd4ef48e062363d8a9ad4a182ac7647ec88f695e719ae9f"
            ],
            "markers": "python_version >= '3.7'",
            "version": "==1.4.5"
        },
        "matplotlib": {
            "hashes": [
                "sha256:1de0bb6cbfe460725f0e97b88daa8643bcf9571c18ba90bb8e41432aaeca91d6",
                "sha256:1e850163579a8936eede29fad41e202b25923a0a8d5ffd08ce50fc0a97dcdc93",
                "sha256:215e2a30a2090221a9481db58b770ce56b8ef46f13224ae33afe221b14b24dc1",
                "sha256:348e6032f666ffd151b323342f9278b16b95d4a75dfacae84a11d2829a7816ae",
                "sha256:3d2eb9c1cc254d0ffa90bc96fde4b6005d09c2228f99dfd493a4219c1af99644",
                "sha256:3e477db76c22929e4c6876c44f88d790aacdf3c3f8f3a90cb1975c0bf37825b0",
                "sha256:451cc89cb33d6652c509fc6b588dc51c41d7246afdcc29b8624e256b7663ed1f",
                "sha256:46b1a60a04e6d884f0250d5cc8dc7bd21a9a96c584a7acdaab44698a44710bab",
                "sha256:5f571b92a536206f7958f7cb2d367ff6c9a1fa8229dc35020006e4cdd1ca0acd",
                "sha256:672960dd114e342b7c610bf32fb99d14227f29919894388b41553217457ba7ef",
                "sha256:7310e353a4a35477c7f032409966920197d7df3e757c7624fd842f3eeb307d3d",
                "sha256:746a1df55749629e26af7f977ea426817ca9370ad1569436608dc48d1069b87c",
                "sha256:7c155437ae4fd366e2700e2716564d1787700687443de46bcb895fe0f84b761d",
                "sha256:9265ae0fb35e29f9b8cc86c2ab0a2e3dcddc4dd9de4b85bf26c0f63fe5c1c2ca",
                "sha256:94bdd1d55c20e764d8aea9d471d2ae7a7b2c84445e0fa463f02e20f9730783e1",
                "sha256:9a79e5dd7bb797aa611048f5b70588b23c5be05b63eefd8a0d152ac77c4243db",
                "sha256:a17f0a10604fac7627ec82820439e7db611722e80c408a726cd00d8c974c2fb3",
                "sha256:a1acb72f095f1d58ecc2538ed1b8bca0b57df313b13db36ed34b8cdf1868e674",
                "sha256:aa49571d8030ad0b9ac39708ee77bd2a22f87815e12bdee52ecaffece9313ed8",
                "sha256:c24c05f645aef776e8b8931cb81e0f1632d229b42b6d216e30836e2e145a2b40",
                "sha256:cf3a7e54eff792f0815dbbe9b85df2f13d739289c93d346925554f71d484be78",
                "sha256:d738acfdfb65da34c91acbdb56abed46803db39af259b7f194dc96920360dbe4",
                "sha256:e15fa23d844d54e7b3b7243afd53b7567ee71c721f592deb0727ee85e668f96a",
                "sha256:ed4a9e6dcacba56b17a0a9ac22ae2c72a35b7f0ef0693aa68574f0b2df607a89",
                "sha256:f44149a0ef5b4991aaef12a93b8e8d66d6412e762745fea1faa61d98524e0ba9"
            ],
            "index": "pypi",
            "markers": "python_version >= '3.6'",
            "version": "==3.3.4"
        },
        "numpy": {
            "hashes": [
                "sha256:06934e1a22c54636a059215d6da99e23286424f316fddd979f5071093b648668",
                "sha256:1c59c046c31a43310ad0199d6299e59f57a289e22f0f36951ced1c9eac3665b9",
                "sha256:1d1bd82d539607951cac963388534da3b7ea0e18b149a53cf883d8f699178c0f",
                "sha256:1e11668d6f756ca5ef534b5be8653d16c5352cbb210a5c2a79ff288e937010d5",
                "sha256:3649d566e2fc067597125428db15d60eb42a4e0897fc48d28cb75dc2e0454e53",
                "sha256:59227c981d43425ca5e5c01094d59eb14e8772ce6975d4b2fc1e106a833d5ae2",
                "sha256:6081aed64714a18c72b168a9276095ef9155dd7888b9e74b5987808f0dd0a974",
                "sha256:6965888d65d2848e8768824ca8288db0a81263c1efccec881cb35a0d805fcd2f",
                "sha256:76ff661a867d9272cd2a99eed002470f46dbe0943a5ffd140f49be84f68ffc42",
                "sha256:78ca54b2f9daffa5f323f34cdf21e1d9779a54073f0018a3094ab907938331a2",
                "sha256:82e871307a6331b5f09efda3c22e03c095d957f04bf6bc1804f30048d0e5e7af",
                "sha256:8ab9163ca8aeb7fd32fe93866490654d2f7dda4e61bc6297bf72ce07fdc02f67",
                "sha256:9696aa2e35cc41e398a6d42d147cf326f8f9d81befcb399bc1ed7ffea339b64e",
                "sha256:97e5d6a9f0702c2863aaabf19f0d1b6c2628fbe476438ce0b5ce06e83085064c",
                "sha256:9f42284ebf91bdf32fafac29d29d4c07e5e9d1af862ea73686581773ef9e73a7",
                "sha256:a03fb25610ef560a6201ff06df4f8105292ba56e7cdd196ea350d123fc32e24e",
                "sha256:a5b411040beead47a228bde3b2241100454a6abde9df139ed087bd73fc0a4908",
                "sha256:af22f3d8e228d84d1c0c44c1fbdeb80f97a15a0abe4f080960393a00db733b66",
                "sha256:afd5ced4e5a96dac6725daeb5242a35494243f2239244fad10a90ce58b071d24",
                "sha256:b9d45d1dbb9de84894cc50efece5b09939752a2d75aab3a8b0cef6f3a35ecd6b",
                "sha256:bb894accfd16b867d8643fc2ba6c8617c78ba2828051e9a69511644ce86ce83e",
                "sha256:c8c6c72d4a9f831f328efb1312642a1cafafaa88981d9ab76368d50d07d93cbe",
                "sha256:cd7837b2b734ca72959a1caf3309457a318c934abef7a43a14bb984e574bbb9a",
                "sha256:cdd9ec98f0063d93baeb01aad472a1a0840dee302842a2746a7a8e92968f9575",
                "sha256:d1cfc92db6af1fd37a7bb58e55c8383b4aa1ba23d012bdbba26b4bcca45ac297",
                "sha256:d1d2c6b7dd618c41e202c59c1413ef9b2c8e8a15f5039e344af64195459e3104",
                "sha256:d2984cb6caaf05294b8466966627e80bf6c7afd273279077679cb010acb0e5ab",
                "sha256:d58e8c51a7cf43090d124d5073bc29ab2755822181fcad978b12e144e5e5a4b3",
                "sha256:d78f269e0c4fd365fc2992c00353e4530d274ba68f15e968d8bc3c69ce5f5244",
                "sha256:dcfaf015b79d1f9f9c9fd0731a907407dc3e45769262d657d754c3a028586124",
                "sha256:e44ccb93f30c75dfc0c3aa3ce38f33486a75ec9abadabd4e59f114994a9c4617",
                "sha256:e509cbc488c735b43b5ffea175235cec24bbc57b227ef1acc691725beb230d1c"
            ],
            "markers": "python_version < '3.13' and python_version >= '3.9'",
            "version": "==1.26.1"
        },
        "oauthlib": {
            "hashes": [
                "sha256:8139f29aac13e25d502680e9e19963e83f16838d48a0d71c287fe40e7067fbca",
                "sha256:9859c40929662bec5d64f34d01c99e093149682a3f38915dc0655d5a633dd918"
            ],
            "markers": "python_version >= '3.6'",
            "version": "==3.2.2"
        },
        "pillow": {
            "hashes": [
                "sha256:048ad577748b9fa4a99a0548c64f2cb8d672d5bf2e643a739ac8faff1164238c",
                "sha256:048eeade4c33fdf7e08da40ef402e748df113fd0b4584e32c4af74fe78baaeb2",
                "sha256:0ba26351b137ca4e0db0342d5d00d2e355eb29372c05afd544ebf47c0956ffeb",
                "sha256:0ea2a783a2bdf2a561808fe4a7a12e9aa3799b701ba305de596bc48b8bdfce9d",
                "sha256:1530e8f3a4b965eb6a7785cf17a426c779333eb62c9a7d1bbcf3ffd5bf77a4aa",
                "sha256:16563993329b79513f59142a6b02055e10514c1a8e86dca8b48a893e33cf91e3",
                "sha256:19aeb96d43902f0a783946a0a87dbdad5c84c936025b8419da0a0cd7724356b1",
                "sha256:1a1d1915db1a4fdb2754b9de292642a39a7fb28f1736699527bb649484fb966a",
                "sha256:1b87bd9d81d179bd8ab871603bd80d8645729939f90b71e62914e816a76fc6bd",
                "sha256:1dfc94946bc60ea375cc39cff0b8da6c7e5f8fcdc1d946beb8da5c216156ddd8",
                "sha256:2034f6759a722da3a3dbd91a81148cf884e91d1b747992ca288ab88c1de15999",
                "sha256:261ddb7ca91fcf71757979534fb4c128448b5b4c55cb6152d280312062f69599",
                "sha256:2ed854e716a89b1afcedea551cd85f2eb2a807613752ab997b9974aaa0d56936",
                "sha256:3102045a10945173d38336f6e71a8dc71bcaeed55c3123ad4af82c52807b9375",
                "sha256:339894035d0ede518b16073bdc2feef4c991ee991a29774b33e515f1d308e08d",
                "sha256:412444afb8c4c7a6cc11a47dade32982439925537e483be7c0ae0cf96c4f6a0b",
                "sha256:4203efca580f0dd6f882ca211f923168548f7ba334c189e9eab1178ab840bf60",
                "sha256:45ebc7b45406febf07fef35d856f0293a92e7417ae7933207e90bf9090b70572",
                "sha256:4b5ec25d8b17217d635f8935dbc1b9aa5907962fae29dff220f2659487891cd3",
                "sha256:4c8e73e99da7db1b4cad7f8d682cf6abad7844da39834c288fbfa394a47bbced",
                "sha256:4e6f7d1c414191c1199f8996d3f2282b9ebea0945693fb67392c75a3a320941f",
                "sha256:4eaa22f0d22b1a7e93ff0a596d57fdede2e550aecffb5a1ef1106aaece48e96b",
                "sha256:50b8eae8f7334ec826d6eeffaeeb00e36b5e24aa0b9df322c247539714c6df19",
                "sha256:50fd3f6b26e3441ae07b7c979309638b72abc1a25da31a81a7fbd9495713ef4f",
                "sha256:51243f1ed5161b9945011a7360e997729776f6e5d7005ba0c6879267d4c5139d",
                "sha256:5d512aafa1d32efa014fa041d38868fda85028e3f930a96f85d49c7d8ddc0383",
                "sha256:5f77cf66e96ae734717d341c145c5949c63180842a545c47a0ce7ae52ca83795",
                "sha256:6b02471b72526ab8a18c39cb7967b72d194ec53c1fd0a70b050565a0f366d355",
                "sha256:6fb1b30043271ec92dc65f6d9f0b7a830c210b8a96423074b15c7bc999975f57",
                "sha256:7161ec49ef0800947dc5570f86568a7bb36fa97dd09e9827dc02b718c5643f09",
                "sha256:72d622d262e463dfb7595202d229f5f3ab4b852289a1cd09650362db23b9eb0b",
                "sha256:74d28c17412d9caa1066f7a31df8403ec23d5268ba46cd0ad2c50fb82ae40462",
                "sha256:78618cdbccaa74d3f88d0ad6cb8ac3007f1a6fa5c6f19af64b55ca170bfa1edf",
                "sha256:793b4e24db2e8742ca6423d3fde8396db336698c55cd34b660663ee9e45ed37f",
                "sha256:798232c92e7665fe82ac085f9d8e8ca98826f8e27859d9a96b41d519ecd2e49a",
                "sha256:81d09caa7b27ef4e61cb7d8fbf1714f5aec1c6b6c5270ee53504981e6e9121ad",
                "sha256:8ab74c06ffdab957d7670c2a5a6e1a70181cd10b727cd788c4dd9005b6a8acd9",
                "sha256:8eb0908e954d093b02a543dc963984d6e99ad2b5e36503d8a0aaf040505f747d",
                "sha256:90b9e29824800e90c84e4022dd5cc16eb2d9605ee13f05d47641eb183cd73d45",
                "sha256:9797a6c8fe16f25749b371c02e2ade0efb51155e767a971c61734b1bf6293994",
                "sha256:9d2455fbf44c914840c793e89aa82d0e1763a14253a000743719ae5946814b2d",
                "sha256:9d3bea1c75f8c53ee4d505c3e67d8c158ad4df0d83170605b50b64025917f338",
                "sha256:9e2ec1e921fd07c7cda7962bad283acc2f2a9ccc1b971ee4b216b75fad6f0463",
                "sha256:9e91179a242bbc99be65e139e30690e081fe6cb91a8e77faf4c409653de39451",
                "sha256:a0eaa93d054751ee9964afa21c06247779b90440ca41d184aeb5d410f20ff591",
                "sha256:a2c405445c79c3f5a124573a051062300936b0281fee57637e706453e452746c",
                "sha256:aa7e402ce11f0885305bfb6afb3434b3cd8f53b563ac065452d9d5654c7b86fd",
                "sha256:aff76a55a8aa8364d25400a210a65ff59d0168e0b4285ba6bf2bd83cf675ba32",
                "sha256:b09b86b27a064c9624d0a6c54da01c1beaf5b6cadfa609cf63789b1d08a797b9",
                "sha256:b14f16f94cbc61215115b9b1236f9c18403c15dd3c52cf629072afa9d54c1cbf",
                "sha256:b50811d664d392f02f7761621303eba9d1b056fb1868c8cdf4231279645c25f5",
                "sha256:b7bc2176354defba3edc2b9a777744462da2f8e921fbaf61e52acb95bafa9828",
                "sha256:c78e1b00a87ce43bb37642c0812315b411e856a905d58d597750eb79802aaaa3",
                "sha256:c83341b89884e2b2e55886e8fbbf37c3fa5efd6c8907124aeb72f285ae5696e5",
                "sha256:ca2870d5d10d8726a27396d3ca4cf7976cec0f3cb706debe88e3a5bd4610f7d2",
                "sha256:ccce24b7ad89adb5a1e34a6ba96ac2530046763912806ad4c247356a8f33a67b",
                "sha256:cd5e14fbf22a87321b24c88669aad3a51ec052eb145315b3da3b7e3cc105b9a2",
                "sha256:ce49c67f4ea0609933d01c0731b34b8695a7a748d6c8d186f95e7d085d2fe475",
                "sha256:d33891be6df59d93df4d846640f0e46f1a807339f09e79a8040bc887bdcd7ed3",
                "sha256:d3b2348a78bc939b4fed6552abfd2e7988e0f81443ef3911a4b8498ca084f6eb",
                "sha256:d886f5d353333b4771d21267c7ecc75b710f1a73d72d03ca06df49b09015a9ef",
                "sha256:d93480005693d247f8346bc8ee28c72a2191bdf1f6b5db469c096c0c867ac015",
                "sha256:dc1a390a82755a8c26c9964d457d4c9cbec5405896cba94cf51f36ea0d855002",
                "sha256:dd78700f5788ae180b5ee8902c6aea5a5726bac7c364b202b4b3e3ba2d293170",
                "sha256:e46f38133e5a060d46bd630faa4d9fa0202377495df1f068a8299fd78c84de84",
                "sha256:e4b878386c4bf293578b48fc570b84ecfe477d3b77ba39a6e87150af77f40c57",
                "sha256:f0d0591a0aeaefdaf9a5e545e7485f89910c977087e7de2b6c388aec32011e9f",
                "sha256:fdcbb4068117dfd9ce0138d068ac512843c52295ed996ae6dd1faf537b6dbc27",
                "sha256:ff61bfd9253c3915e6d41c651d5f962da23eda633cf02262990094a18a55371a"
            ],
            "index": "pypi",
            "markers": "python_version >= '3.8'",
            "version": "==10.3.0"
        },
        "pyparsing": {
            "hashes": [
                "sha256:32c7c0b711493c72ff18a981d24f28aaf9c1fb7ed5e9667c9e84e3db623bdbfb",
                "sha256:ede28a1a32462f5a9705e07aea48001a08f7cf81a021585011deba701581a0db"
            ],
            "markers": "python_full_version >= '3.6.8'",
            "version": "==3.1.1"
        },
        "python-dateutil": {
            "hashes": [
                "sha256:73ebfe9dbf22e832286dafa60473e4cd239f8592f699aa5adaf10050e6e1823c",
                "sha256:75bb3f31ea686f1197762692a9ee6a7550b59fc6ca3a1f4b5d7e32fb98e2da2a"
            ],
            "index": "pypi",
            "markers": "python_version >= '2.7' and python_version not in '3.0, 3.1, 3.2, 3.3'",
            "version": "==2.8.1"
        },
        "requests": {
            "hashes": [
                "sha256:58cd2187c01e70e6e26505bca751777aa9f2ee0b7f4300988b709f44e013003f",
                "sha256:942c5a758f98d790eaed1a29cb6eefc7ffb0d1cf7af05c3d2791656dbd6ad1e1"
            ],
            "index": "pypi",
            "markers": "python_version >= '3.7'",
            "version": "==2.31.0"
        },
        "requests-oauthlib": {
            "hashes": [
                "sha256:2577c501a2fb8d05a304c09d090d6e47c306fef15809d102b327cf8364bddab5",
                "sha256:75beac4a47881eeb94d5ea5d6ad31ef88856affe2332b9aafb52c6452ccf0d7a"
            ],
            "markers": "python_version >= '2.7' and python_version not in '3.0, 3.1, 3.2, 3.3'",
            "version": "==1.3.1"
        },
        "six": {
            "hashes": [
                "sha256:1e61c37477a1626458e36f7b1d82aa5c9b094fa4802892072e49de9c60c4c926",
                "sha256:8abb2f1d86890a2dfb989f9a77cfcfd3e47c2a354b01111771326f8aa26e0254"
            ],
            "markers": "python_version >= '2.7' and python_version not in '3.0, 3.1, 3.2, 3.3'",
            "version": "==1.16.0"
        },
        "soupsieve": {
            "hashes": [
                "sha256:5663d5a7b3bfaeee0bc4372e7fc48f9cff4940b3eec54a6451cc5299f1097690",
                "sha256:eaa337ff55a1579b6549dc679565eac1e3d000563bcb1c8ab0d0fefbc0c2cdc7"
            ],
            "markers": "python_version >= '3.0'",
            "version": "==2.5"
        },
        "tqdm": {
            "hashes": [
                "sha256:23097a41eba115ba99ecae40d06444c15d1c0c698d527a01c6c8bd1c5d0647e5",
                "sha256:4f41d54107ff9a223dca80b53efe4fb654c67efaba7f47bada3ee9d50e05bd53"
            ],
            "index": "pypi",
            "markers": "python_version >= '3.7'",
            "version": "==4.66.3"
        },
        "twython": {
            "hashes": [
                "sha256:a469d673fdd20d1c346e9b9f784212db521aa611bbdfc4912229ab701b36002b",
                "sha256:c6ca64309260e0ab47267f76217c80812f591991437f376fc61498816384f9e7"
            ],
            "index": "pypi",
            "version": "==3.8.2"
        },
        "urllib3": {
            "hashes": [
                "sha256:c97dfde1f7bd43a71c8d2a58e369e9b2bf692d1334ea9f9cae55add7d0dd0f84",
                "sha256:fdb6d215c776278489906c2f8916e6e7d4f5a9b602ccbcfdf7f016fc8da0596e"
            ],
            "index": "pypi",
            "markers": "python_version >= '3.7'",
            "version": "==2.0.7"
        },
        "webencodings": {
            "hashes": [
                "sha256:a0af1213f3c2226497a97e2b3aa01a7e4bee4f403f95be16fc9acd2947514a78",
                "sha256:b36a1c245f2d304965eb4e0a82848379241dc04b865afcc4aab16748587e1923"
            ],
            "version": "==0.5.1"
        }
    },
    "develop": {
        "astroid": {
            "hashes": [
                "sha256:2476b7f0d6cec13f4c1f53b54bea2ce072310ac9fc7acb669d5270190c748042",
                "sha256:f0c8bfebc3da61bde8e3e3df1e879dc16e6d26d6078ddc34813fcb07045782d3"
            ],
            "markers": "python_version ~= '3.6'",
            "version": "==2.5.8"
        },
        "isort": {
            "hashes": [
                "sha256:8bef7dde241278824a6d83f44a544709b065191b95b6e50894bdc722fcba0504",
                "sha256:f84c2818376e66cf843d497486ea8fed8700b340f308f076c6fb1229dff318b6"
            ],
            "markers": "python_full_version >= '3.8.0'",
            "version": "==5.12.0"
        },
        "lazy-object-proxy": {
            "hashes": [
                "sha256:09763491ce220c0299688940f8dc2c5d05fd1f45af1e42e636b2e8b2303e4382",
                "sha256:0a891e4e41b54fd5b8313b96399f8b0e173bbbfc03c7631f01efbe29bb0bcf82",
                "sha256:189bbd5d41ae7a498397287c408617fe5c48633e7755287b21d741f7db2706a9",
                "sha256:18b78ec83edbbeb69efdc0e9c1cb41a3b1b1ed11ddd8ded602464c3fc6020494",
                "sha256:1aa3de4088c89a1b69f8ec0dcc169aa725b0ff017899ac568fe44ddc1396df46",
                "sha256:212774e4dfa851e74d393a2370871e174d7ff0ebc980907723bb67d25c8a7c30",
                "sha256:2d0daa332786cf3bb49e10dc6a17a52f6a8f9601b4cf5c295a4f85854d61de63",
                "sha256:5f83ac4d83ef0ab017683d715ed356e30dd48a93746309c8f3517e1287523ef4",
                "sha256:659fb5809fa4629b8a1ac5106f669cfc7bef26fbb389dda53b3e010d1ac4ebae",
                "sha256:660c94ea760b3ce47d1855a30984c78327500493d396eac4dfd8bd82041b22be",
                "sha256:66a3de4a3ec06cd8af3f61b8e1ec67614fbb7c995d02fa224813cb7afefee701",
                "sha256:721532711daa7db0d8b779b0bb0318fa87af1c10d7fe5e52ef30f8eff254d0cd",
                "sha256:7322c3d6f1766d4ef1e51a465f47955f1e8123caee67dd641e67d539a534d006",
                "sha256:79a31b086e7e68b24b99b23d57723ef7e2c6d81ed21007b6281ebcd1688acb0a",
                "sha256:81fc4d08b062b535d95c9ea70dbe8a335c45c04029878e62d744bdced5141586",
                "sha256:8fa02eaab317b1e9e03f69aab1f91e120e7899b392c4fc19807a8278a07a97e8",
                "sha256:9090d8e53235aa280fc9239a86ae3ea8ac58eff66a705fa6aa2ec4968b95c821",
                "sha256:946d27deaff6cf8452ed0dba83ba38839a87f4f7a9732e8f9fd4107b21e6ff07",
                "sha256:9990d8e71b9f6488e91ad25f322898c136b008d87bf852ff65391b004da5e17b",
                "sha256:9cd077f3d04a58e83d04b20e334f678c2b0ff9879b9375ed107d5d07ff160171",
                "sha256:9e7551208b2aded9c1447453ee366f1c4070602b3d932ace044715d89666899b",
                "sha256:9f5fa4a61ce2438267163891961cfd5e32ec97a2c444e5b842d574251ade27d2",
                "sha256:b40387277b0ed2d0602b8293b94d7257e17d1479e257b4de114ea11a8cb7f2d7",
                "sha256:bfb38f9ffb53b942f2b5954e0f610f1e721ccebe9cce9025a38c8ccf4a5183a4",
                "sha256:cbf9b082426036e19c6924a9ce90c740a9861e2bdc27a4834fd0a910742ac1e8",
                "sha256:d9e25ef10a39e8afe59a5c348a4dbf29b4868ab76269f81ce1674494e2565a6e",
                "sha256:db1c1722726f47e10e0b5fdbf15ac3b8adb58c091d12b3ab713965795036985f",
                "sha256:e7c21c95cae3c05c14aafffe2865bbd5e377cfc1348c4f7751d9dc9a48ca4bda",
                "sha256:e8c6cfb338b133fbdbc5cfaa10fe3c6aeea827db80c978dbd13bc9dd8526b7d4",
                "sha256:ea806fd4c37bf7e7ad82537b0757999264d5f70c45468447bb2b91afdbe73a6e",
                "sha256:edd20c5a55acb67c7ed471fa2b5fb66cb17f61430b7a6b9c3b4a1e40293b1671",
                "sha256:f0117049dd1d5635bbff65444496c90e0baa48ea405125c088e93d9cf4525b11",
                "sha256:f0705c376533ed2a9e5e97aacdbfe04cecd71e0aa84c7c0595d02ef93b6e4455",
                "sha256:f12ad7126ae0c98d601a7ee504c1122bcef553d1d5e0c3bfa77b16b3968d2734",
                "sha256:f2457189d8257dd41ae9b434ba33298aec198e30adf2dcdaaa3a28b9994f6adb",
                "sha256:f699ac1c768270c9e384e4cbd268d6e67aebcfae6cd623b4d7c3bfde5a35db59"
            ],
            "markers": "python_version >= '3.7'",
            "version": "==1.9.0"
        },
        "mccabe": {
            "hashes": [
                "sha256:ab8a6258860da4b6677da4bd2fe5dc2c659cff31b3ee4f7f5d64e79735b80d42",
                "sha256:dd8d182285a0fe56bace7f45b5e7d1a6ebcbf524e8f3bd87eb0f125271b8831f"
            ],
            "version": "==0.6.1"
        },
        "pylint": {
            "hashes": [
                "sha256:0e21d3b80b96740909d77206d741aa3ce0b06b41be375d92e1f3244a274c1f8a",
                "sha256:d09b0b07ba06bcdff463958f53f23df25e740ecd81895f7d2699ec04bbd8dc3b"
            ],
            "index": "pypi",
            "markers": "python_version ~= '3.6'",
            "version": "==2.7.2"
        },
        "toml": {
            "hashes": [
                "sha256:806143ae5bfb6a3c6e736a764057db0e6a0e05e338b5630894a5f779cabb4f9b",
                "sha256:b3bda1d108d5dd99f4a20d24d9c348e91c4db7ab1b749200bded2f839ccbe68f"
            ],
            "markers": "python_version >= '2.6' and python_version not in '3.0, 3.1, 3.2, 3.3'",
            "version": "==0.10.2"
        },
        "wrapt": {
            "hashes": [
                "sha256:b62ffa81fb85f4332a4f609cab4ac40709470da05643a082ec1eb88e6d9b97d7"
            ],
            "version": "==1.12.1"
        }
    }
}
